
Microsoft Visual Studio Solution File, Format Version 12.00
# Visual Studio Version 17
VisualStudioVersion = 17.9.34622.214
MinimumVisualStudioVersion = 10.0.40219.1
Project("{2150E333-8FDC-42A3-9474-1A3956D46DE8}") = "Infrastructure", "Infrastructure", "{860F7723-9A83-47DB-9857-41116A7A1C35}"
EndProject
Project("{8BC9CEB8-8B4A-11D0-8D11-00A0C91BC942}") = "Common", "sources\Infrastructure\Common\Common.vcxproj", "{0AB9CF43-D8E6-43C6-992C-CC3A4D9B6913}"
EndProject
Project("{8BC9CEB8-8B4A-11D0-8D11-00A0C91BC942}") = "Math", "sources\Infrastructure\Math\Math.vcxproj", "{509971C1-B4CE-40A1-8A53-35D94B0F2570}"
	ProjectSection(ProjectDependencies) = postProject
		{0AB9CF43-D8E6-43C6-992C-CC3A4D9B6913} = {0AB9CF43-D8E6-43C6-992C-CC3A4D9B6913}
	EndProjectSection
EndProject
Project("{2150E333-8FDC-42A3-9474-1A3956D46DE8}") = "Business", "Business", "{DF734F69-AFAB-4F71-9A9E-FDF2D950B791}"
EndProject
Project("{8BC9CEB8-8B4A-11D0-8D11-00A0C91BC942}") = "Builder", "Sources\Business\Builder\Builder.vcxproj", "{840B3746-0B35-412B-BC7B-D27889C2ACA6}"
EndProject
Project("{2150E333-8FDC-42A3-9474-1A3956D46DE8}") = "Test", "Test", "{764E12FD-DA34-4188-A1B9-026949819285}"
EndProject
Project("{2150E333-8FDC-42A3-9474-1A3956D46DE8}") = "Model", "Model", "{6C940804-55C1-4806-A0FB-CB1EF6904982}"
EndProject
Project("{2150E333-8FDC-42A3-9474-1A3956D46DE8}") = "App", "App", "{5AB8078F-4CB3-44A0-BE2D-13B0A6F38BD7}"
	ProjectSection(SolutionItems) = preProject
		sources\App\App\Copy.bat = sources\App\App\Copy.bat
	EndProjectSection
EndProject
Project("{8BC9CEB8-8B4A-11D0-8D11-00A0C91BC942}") = "App", "sources\App\App\App.vcxproj", "{BB85B66E-00C9-4297-903F-467626D1193D}"
	ProjectSection(ProjectDependencies) = postProject
		{3CA70242-BDB2-4870-93AD-5DBD58F3320F} = {3CA70242-BDB2-4870-93AD-5DBD58F3320F}
		{A8319B7A-0866-4544-B42A-F84FE47BACE4} = {A8319B7A-0866-4544-B42A-F84FE47BACE4}
		{D0C516BC-5B4C-48CF-9189-D308050DCFB1} = {D0C516BC-5B4C-48CF-9189-D308050DCFB1}
	EndProjectSection
EndProject
Project("{2150E333-8FDC-42A3-9474-1A3956D46DE8}") = "UI", "UI", "{882119C7-BFF0-4796-8A12-A7969C87CC98}"
EndProject
Project("{8BC9CEB8-8B4A-11D0-8D11-00A0C91BC942}") = "AppImpl", "sources\App\AppImpl\AppImpl.vcxproj", "{3CA70242-BDB2-4870-93AD-5DBD58F3320F}"
	ProjectSection(ProjectDependencies) = postProject
		{D0C516BC-5B4C-48CF-9189-D308050DCFB1} = {D0C516BC-5B4C-48CF-9189-D308050DCFB1}
	EndProjectSection
EndProject
Project("{8BC9CEB8-8B4A-11D0-8D11-00A0C91BC942}") = "AppInterface", "sources\App\AppInterface\AppInterface.vcxproj", "{A8319B7A-0866-4544-B42A-F84FE47BACE4}"
	ProjectSection(ProjectDependencies) = postProject
		{9D2D3EC6-36F4-4B9D-8149-68A339DB2A2A} = {9D2D3EC6-36F4-4B9D-8149-68A339DB2A2A}
	EndProjectSection
EndProject
Project("{8BC9CEB8-8B4A-11D0-8D11-00A0C91BC942}") = "UiView", "sources\UI\UiView\UiView.vcxproj", "{F7F50E5F-F343-421D-915A-3797B7D04B5B}"
	ProjectSection(ProjectDependencies) = postProject
		{0AB9CF43-D8E6-43C6-992C-CC3A4D9B6913} = {0AB9CF43-D8E6-43C6-992C-CC3A4D9B6913}
		{9D2D3EC6-36F4-4B9D-8149-68A339DB2A2A} = {9D2D3EC6-36F4-4B9D-8149-68A339DB2A2A}
	EndProjectSection
EndProject
Project("{8BC9CEB8-8B4A-11D0-8D11-00A0C91BC942}") = "GuiMainFrame", "sources\UI\GuiMainFrame\GuiMainFrame.vcxproj", "{D0C516BC-5B4C-48CF-9189-D308050DCFB1}"
	ProjectSection(ProjectDependencies) = postProject
		{0AB9CF43-D8E6-43C6-992C-CC3A4D9B6913} = {0AB9CF43-D8E6-43C6-992C-CC3A4D9B6913}
		{9D2D3EC6-36F4-4B9D-8149-68A339DB2A2A} = {9D2D3EC6-36F4-4B9D-8149-68A339DB2A2A}
		{F7F50E5F-F343-421D-915A-3797B7D04B5B} = {F7F50E5F-F343-421D-915A-3797B7D04B5B}
	EndProjectSection
EndProject
Project("{8BC9CEB8-8B4A-11D0-8D11-00A0C91BC942}") = "Element", "sources\Model\Element\Element.vcxproj", "{9D2D3EC6-36F4-4B9D-8149-68A339DB2A2A}"
	ProjectSection(ProjectDependencies) = postProject
		{0AB9CF43-D8E6-43C6-992C-CC3A4D9B6913} = {0AB9CF43-D8E6-43C6-992C-CC3A4D9B6913}
		{509971C1-B4CE-40A1-8A53-35D94B0F2570} = {509971C1-B4CE-40A1-8A53-35D94B0F2570}
	EndProjectSection
EndProject
Project("{2150E333-8FDC-42A3-9474-1A3956D46DE8}") = "Interaction", "Interaction", "{B2BC7486-266C-4DF4-BC34-C56DF1647C8E}"
EndProject
Global
	GlobalSection(SolutionConfigurationPlatforms) = preSolution
		Debug|x64 = Debug|x64
		Debug|x86 = Debug|x86
		Release|x64 = Release|x64
		Release|x86 = Release|x86
	EndGlobalSection
	GlobalSection(ProjectConfigurationPlatforms) = postSolution
		{0AB9CF43-D8E6-43C6-992C-CC3A4D9B6913}.Debug|x64.ActiveCfg = Debug|x64
		{0AB9CF43-D8E6-43C6-992C-CC3A4D9B6913}.Debug|x86.ActiveCfg = Debug|x64
		{0AB9CF43-D8E6-43C6-992C-CC3A4D9B6913}.Release|x64.ActiveCfg = Release|x64
		{0AB9CF43-D8E6-43C6-992C-CC3A4D9B6913}.Release|x64.Build.0 = Release|x64
		{0AB9CF43-D8E6-43C6-992C-CC3A4D9B6913}.Release|x86.ActiveCfg = Release|x64
		{509971C1-B4CE-40A1-8A53-35D94B0F2570}.Debug|x64.ActiveCfg = Debug|x64
		{509971C1-B4CE-40A1-8A53-35D94B0F2570}.Debug|x86.ActiveCfg = Debug|x64
		{509971C1-B4CE-40A1-8A53-35D94B0F2570}.Release|x64.ActiveCfg = Release|x64
		{509971C1-B4CE-40A1-8A53-35D94B0F2570}.Release|x64.Build.0 = Release|x64
		{509971C1-B4CE-40A1-8A53-35D94B0F2570}.Release|x86.ActiveCfg = Release|x64
		{840B3746-0B35-412B-BC7B-D27889C2ACA6}.Debug|x64.ActiveCfg = Debug|x64
		{840B3746-0B35-412B-BC7B-D27889C2ACA6}.Debug|x64.Build.0 = Debug|x64
		{840B3746-0B35-412B-BC7B-D27889C2ACA6}.Debug|x86.ActiveCfg = Debug|x64
		{840B3746-0B35-412B-BC7B-D27889C2ACA6}.Release|x64.ActiveCfg = Release|x64
		{840B3746-0B35-412B-BC7B-D27889C2ACA6}.Release|x64.Build.0 = Release|x64
		{840B3746-0B35-412B-BC7B-D27889C2ACA6}.Release|x86.ActiveCfg = Release|x64
		{BB85B66E-00C9-4297-903F-467626D1193D}.Debug|x64.ActiveCfg = Debug|x64
		{BB85B66E-00C9-4297-903F-467626D1193D}.Debug|x64.Build.0 = Debug|x64
		{BB85B66E-00C9-4297-903F-467626D1193D}.Debug|x86.ActiveCfg = Debug|Win32
		{BB85B66E-00C9-4297-903F-467626D1193D}.Debug|x86.Build.0 = Debug|Win32
		{BB85B66E-00C9-4297-903F-467626D1193D}.Release|x64.ActiveCfg = Release|x64
		{BB85B66E-00C9-4297-903F-467626D1193D}.Release|x64.Build.0 = Release|x64
		{BB85B66E-00C9-4297-903F-467626D1193D}.Release|x86.ActiveCfg = Release|Win32
		{BB85B66E-00C9-4297-903F-467626D1193D}.Release|x86.Build.0 = Release|Win32
		{3CA70242-BDB2-4870-93AD-5DBD58F3320F}.Debug|x64.ActiveCfg = Debug|x64
		{3CA70242-BDB2-4870-93AD-5DBD58F3320F}.Debug|x64.Build.0 = Debug|x64
		{3CA70242-BDB2-4870-93AD-5DBD58F3320F}.Debug|x86.ActiveCfg = Debug|Win32
		{3CA70242-BDB2-4870-93AD-5DBD58F3320F}.Debug|x86.Build.0 = Debug|Win32
		{3CA70242-BDB2-4870-93AD-5DBD58F3320F}.Release|x64.ActiveCfg = Release|x64
		{3CA70242-BDB2-4870-93AD-5DBD58F3320F}.Release|x64.Build.0 = Release|x64
		{3CA70242-BDB2-4870-93AD-5DBD58F3320F}.Release|x86.ActiveCfg = Release|Win32
		{3CA70242-BDB2-4870-93AD-5DBD58F3320F}.Release|x86.Build.0 = Release|Win32
		{A8319B7A-0866-4544-B42A-F84FE47BACE4}.Debug|x64.ActiveCfg = Debug|x64
		{A8319B7A-0866-4544-B42A-F84FE47BACE4}.Debug|x64.Build.0 = Debug|x64
		{A8319B7A-0866-4544-B42A-F84FE47BACE4}.Debug|x86.ActiveCfg = Debug|x64
		{A8319B7A-0866-4544-B42A-F84FE47BACE4}.Release|x64.ActiveCfg = Release|x64
		{A8319B7A-0866-4544-B42A-F84FE47BACE4}.Release|x64.Build.0 = Release|x64
		{A8319B7A-0866-4544-B42A-F84FE47BACE4}.Release|x86.ActiveCfg = Release|x64
		{F7F50E5F-F343-421D-915A-3797B7D04B5B}.Debug|x64.ActiveCfg = Debug|x64
		{F7F50E5F-F343-421D-915A-3797B7D04B5B}.Debug|x64.Build.0 = Debug|x64
		{F7F50E5F-F343-421D-915A-3797B7D04B5B}.Debug|x86.ActiveCfg = Debug|Win32
		{F7F50E5F-F343-421D-915A-3797B7D04B5B}.Debug|x86.Build.0 = Debug|Win32
		{F7F50E5F-F343-421D-915A-3797B7D04B5B}.Release|x64.ActiveCfg = Release|x64
		{F7F50E5F-F343-421D-915A-3797B7D04B5B}.Release|x64.Build.0 = Release|x64
		{F7F50E5F-F343-421D-915A-3797B7D04B5B}.Release|x86.ActiveCfg = Release|Win32
		{F7F50E5F-F343-421D-915A-3797B7D04B5B}.Release|x86.Build.0 = Release|Win32
		{D0C516BC-5B4C-48CF-9189-D308050DCFB1}.Debug|x64.ActiveCfg = Debug|x64
		{D0C516BC-5B4C-48CF-9189-D308050DCFB1}.Debug|x64.Build.0 = Debug|x64
		{D0C516BC-5B4C-48CF-9189-D308050DCFB1}.Debug|x86.ActiveCfg = Debug|Win32
		{D0C516BC-5B4C-48CF-9189-D308050DCFB1}.Debug|x86.Build.0 = Debug|Win32
		{D0C516BC-5B4C-48CF-9189-D308050DCFB1}.Release|x64.ActiveCfg = Release|x64
		{D0C516BC-5B4C-48CF-9189-D308050DCFB1}.Release|x64.Build.0 = Release|x64
		{D0C516BC-5B4C-48CF-9189-D308050DCFB1}.Release|x86.ActiveCfg = Release|Win32
		{D0C516BC-5B4C-48CF-9189-D308050DCFB1}.Release|x86.Build.0 = Release|Win32
		{9D2D3EC6-36F4-4B9D-8149-68A339DB2A2A}.Debug|x64.ActiveCfg = Debug|x64
		{9D2D3EC6-36F4-4B9D-8149-68A339DB2A2A}.Debug|x64.Build.0 = Debug|x64
		{9D2D3EC6-36F4-4B9D-8149-68A339DB2A2A}.Debug|x86.ActiveCfg = Debug|Win32
		{9D2D3EC6-36F4-4B9D-8149-68A339DB2A2A}.Debug|x86.Build.0 = Debug|Win32
		{9D2D3EC6-36F4-4B9D-8149-68A339DB2A2A}.Release|x64.ActiveCfg = Release|x64
		{9D2D3EC6-36F4-4B9D-8149-68A339DB2A2A}.Release|x64.Build.0 = Release|x64
		{9D2D3EC6-36F4-4B9D-8149-68A339DB2A2A}.Release|x86.ActiveCfg = Release|Win32
		{9D2D3EC6-36F4-4B9D-8149-68A339DB2A2A}.Release|x86.Build.0 = Release|Win32
	EndGlobalSection
	GlobalSection(SolutionProperties) = preSolution
		HideSolutionNode = FALSE
	EndGlobalSection
	GlobalSection(NestedProjects) = preSolution
		{0AB9CF43-D8E6-43C6-992C-CC3A4D9B6913} = {860F7723-9A83-47DB-9857-41116A7A1C35}
		{509971C1-B4CE-40A1-8A53-35D94B0F2570} = {860F7723-9A83-47DB-9857-41116A7A1C35}
		{840B3746-0B35-412B-BC7B-D27889C2ACA6} = {DF734F69-AFAB-4F71-9A9E-FDF2D950B791}
		{BB85B66E-00C9-4297-903F-467626D1193D} = {5AB8078F-4CB3-44A0-BE2D-13B0A6F38BD7}
		{3CA70242-BDB2-4870-93AD-5DBD58F3320F} = {5AB8078F-4CB3-44A0-BE2D-13B0A6F38BD7}
		{A8319B7A-0866-4544-B42A-F84FE47BACE4} = {5AB8078F-4CB3-44A0-BE2D-13B0A6F38BD7}
		{F7F50E5F-F343-421D-915A-3797B7D04B5B} = {882119C7-BFF0-4796-8A12-A7969C87CC98}
		{D0C516BC-5B4C-48CF-9189-D308050DCFB1} = {882119C7-BFF0-4796-8A12-A7969C87CC98}
		{9D2D3EC6-36F4-4B9D-8149-68A339DB2A2A} = {6C940804-55C1-4806-A0FB-CB1EF6904982}
	EndGlobalSection
	GlobalSection(ExtensibilityGlobals) = postSolution
		SolutionGuid = {92D68081-AD7B-46C9-84DE-E3D894015B2D}
	EndGlobalSection
EndGlobal
